<?xml version="1.0" encoding="utf-8"?>
<Project ToolsVersion="4.0" xmlns="http://schemas.microsoft.com/developer/msbuild/2003">
  <ItemGroup>
    <Filter Include="리소스 파일">
      <UniqueIdentifier>{67DA6AB6-F800-4c08-8B7A-83BB121AAD01}</UniqueIdentifier>
      <Extensions>rc;ico;cur;bmp;dlg;rc2;rct;bin;rgs;gif;jpg;jpeg;jpe;resx;tiff;tif;png;wav;mfcribbon-ms</Extensions>
    </Filter>
    <Filter Include="main">
      <UniqueIdentifier>{52f13c7d-5451-40df-9df2-f2213e759011}</UniqueIdentifier>
    </Filter>
    <Filter Include="Contents">
      <UniqueIdentifier>{41af9ce9-7bea-4b07-b44d-10edb9f3bc50}</UniqueIdentifier>
    </Filter>
    <Filter Include="Contents\Player">
      <UniqueIdentifier>{016251b1-2d32-46cf-8fb6-254325bdbb1d}</UniqueIdentifier>
    </Filter>
    <Filter Include="Contents\Scene">
      <UniqueIdentifier>{9ade0c3d-8a68-42ae-8f6d-71de9b8d4593}</UniqueIdentifier>
    </Filter>
    <Filter Include="Engine">
      <UniqueIdentifier>{3a9132a2-ba17-45ce-a60b-79938ca0b15a}</UniqueIdentifier>
    </Filter>
    <Filter Include="Engine\Common">
      <UniqueIdentifier>{be24eab6-64f6-4eae-8d25-5ec1da4892cd}</UniqueIdentifier>
    </Filter>
    <Filter Include="Engine\GameObject">
      <UniqueIdentifier>{947a5e69-f70c-4de7-8b87-ca94ae585678}</UniqueIdentifier>
    </Filter>
    <Filter Include="Engine\Input">
      <UniqueIdentifier>{4f5ded39-c59b-4bdb-b0e4-19dce7d309b6}</UniqueIdentifier>
    </Filter>
    <Filter Include="Engine\Layer">
      <UniqueIdentifier>{313c4c3b-5327-4aea-9951-404ff3e77ec7}</UniqueIdentifier>
    </Filter>
    <Filter Include="Engine\Scene">
      <UniqueIdentifier>{c7c7255c-057c-4b95-bdce-f79f7b5d8dc4}</UniqueIdentifier>
    </Filter>
    <Filter Include="Engine\Time">
      <UniqueIdentifier>{03a46606-e462-4f24-9931-dd7e3451b861}</UniqueIdentifier>
    </Filter>
    <Filter Include="Engine\High Level Interface">
      <UniqueIdentifier>{62286d2a-1f35-42fb-acc3-aa249ca5d0cc}</UniqueIdentifier>
    </Filter>
    <Filter Include="Engine\Resource">
      <UniqueIdentifier>{1b7cf8b0-508d-4e42-bfe0-935d8e352bd8}</UniqueIdentifier>
    </Filter>
    <Filter Include="Engine\Component">
      <UniqueIdentifier>{36bf74c8-adf6-48ca-ba83-71ead37dc48a}</UniqueIdentifier>
    </Filter>
    <Filter Include="Contents\Object">
      <UniqueIdentifier>{8187c5cd-5214-4de7-bc06-2fd0a09a1fd2}</UniqueIdentifier>
    </Filter>
    <Filter Include="Contents\Object\BackGround">
      <UniqueIdentifier>{bd40cff2-d801-4f04-b4d4-062ad4c64710}</UniqueIdentifier>
    </Filter>
    <Filter Include="Engine\Component\Collider">
      <UniqueIdentifier>{0ffcc437-f68e-43f1-abd2-039dbd0df9cd}</UniqueIdentifier>
    </Filter>
    <Filter Include="Contents\Pet">
      <UniqueIdentifier>{42e7be36-649a-46cb-977d-47aa9443bb3d}</UniqueIdentifier>
    </Filter>
    <Filter Include="Engine\Component\Camera">
      <UniqueIdentifier>{5fdd6e28-9603-4d66-aae0-e337add26bed}</UniqueIdentifier>
    </Filter>
    <Filter Include="Contents\Scene\Result">
      <UniqueIdentifier>{098d271d-257a-4901-a372-8e74cdf8d2a3}</UniqueIdentifier>
    </Filter>
    <Filter Include="Contents\UI">
      <UniqueIdentifier>{a4376017-6ffe-4638-9640-4e0dec790919}</UniqueIdentifier>
    </Filter>
    <Filter Include="Contents\UI\MainUI">
      <UniqueIdentifier>{073fc4e1-0089-441c-96fe-776836d5234c}</UniqueIdentifier>
    </Filter>
    <Filter Include="Contents\UI\PlayUI">
      <UniqueIdentifier>{6c335ccf-ca73-49e3-a51b-9664cf79c23b}</UniqueIdentifier>
    </Filter>
    <Filter Include="Contents\UI\SelectUI">
      <UniqueIdentifier>{46c70bbf-5817-4117-99bc-a835b5bf3644}</UniqueIdentifier>
    </Filter>
    <Filter Include="Contents\UI\CommonUI">
      <UniqueIdentifier>{e7ee6c20-436e-4c01-82c5-ea0da669cb8d}</UniqueIdentifier>
    </Filter>
    <Filter Include="Engine\Component\Animator">
      <UniqueIdentifier>{2692797a-1afc-453b-a50b-eef45ea788c1}</UniqueIdentifier>
    </Filter>
    <Filter Include="Engine\Component\Transform">
      <UniqueIdentifier>{49224c06-ba44-4470-a14e-5b750d5e1451}</UniqueIdentifier>
    </Filter>
    <Filter Include="Engine\Component\RigidBody">
      <UniqueIdentifier>{e78954bf-5f0a-4bc6-bcd1-3d75ec952396}</UniqueIdentifier>
    </Filter>
    <Filter Include="Contents\Ground">
      <UniqueIdentifier>{f68f55f4-6417-4646-8f69-f043b6e1b664}</UniqueIdentifier>
    </Filter>
    <Filter Include="Contents\Object\Item">
      <UniqueIdentifier>{9f0f2e4a-95eb-4a8d-8221-41d980eb2e06}</UniqueIdentifier>
    </Filter>
    <Filter Include="Contents\Object\Obstacle">
      <UniqueIdentifier>{3786121f-d229-4dda-b1da-1e0538e931df}</UniqueIdentifier>
    </Filter>
    <Filter Include="Contents\Object\Obstacle\Land1">
      <UniqueIdentifier>{e76790fc-34a3-47e9-b1d8-ae96d5f326e1}</UniqueIdentifier>
    </Filter>
    <Filter Include="Contents\Object\Obstacle\Land2">
      <UniqueIdentifier>{ad4b64fa-f0b5-437f-ba4c-89f11029c850}</UniqueIdentifier>
    </Filter>
    <Filter Include="Contents\Object\Obstacle\Land3">
      <UniqueIdentifier>{232ac250-5cb9-4979-9dce-0270533493f5}</UniqueIdentifier>
    </Filter>
    <Filter Include="Contents\Object\Obstacle\Common">
      <UniqueIdentifier>{602f34a2-7f70-4c57-84a7-3d13a83fadfa}</UniqueIdentifier>
    </Filter>
    <Filter Include="Contents\Object\Item\Basic">
      <UniqueIdentifier>{7d450624-c89d-40e2-a216-380173057517}</UniqueIdentifier>
    </Filter>
    <Filter Include="Contents\Object\Item\Active">
      <UniqueIdentifier>{7a73c25c-01a1-473b-99f1-cc97ad8781e1}</UniqueIdentifier>
    </Filter>
    <Filter Include="Contents\Object\Item\Bear">
      <UniqueIdentifier>{ddc89d99-1334-477c-8fca-5d06ffa4b5d3}</UniqueIdentifier>
    </Filter>
    <Filter Include="Contents\Object\Item\Coin">
      <UniqueIdentifier>{6ac6d9e8-c8fb-417c-b978-62ed1e7eb49d}</UniqueIdentifier>
    </Filter>
    <Filter Include="Contents\Object\Item\Basic\Candy">
      <UniqueIdentifier>{25ade054-5fb0-4d65-a1e1-3f63803768cc}</UniqueIdentifier>
    </Filter>
    <Filter Include="Contents\Object\Item\Basic\Gummy">
      <UniqueIdentifier>{f33193b2-8325-44a4-af42-5a483ca8f8f1}</UniqueIdentifier>
    </Filter>
    <Filter Include="Contents\Object\Obstacle\Land1\Slide">
      <UniqueIdentifier>{07e7a29c-36e7-43bf-87eb-32153628204a}</UniqueIdentifier>
    </Filter>
    <Filter Include="Contents\Object\Obstacle\Land1\Jump2">
      <UniqueIdentifier>{7dac1293-dcb7-4614-b1ae-7b888fd9e7a7}</UniqueIdentifier>
    </Filter>
    <Filter Include="Contents\Object\Obstacle\Land1\Jump1">
      <UniqueIdentifier>{ba2dd3e8-9001-4592-a899-89b555932097}</UniqueIdentifier>
    </Filter>
    <Filter Include="Contents\Object\Obstacle\Land1\Tile">
      <UniqueIdentifier>{a835ac29-5bc2-4859-9a7f-ea1df31580d5}</UniqueIdentifier>
    </Filter>
    <Filter Include="Contents\Object\BackGround\Land1">
      <UniqueIdentifier>{d4e7ba54-11b9-408b-b315-1c5df94d479b}</UniqueIdentifier>
    </Filter>
    <Filter Include="Contents\Object\Obstacle\Land1\Tile\GroundTile">
      <UniqueIdentifier>{e938451a-a68e-4f77-bc3b-4daacdcf2e08}</UniqueIdentifier>
    </Filter>
    <Filter Include="Contents\Object\Obstacle\Land1\Tile\OvergTile">
      <UniqueIdentifier>{fd3baddb-bce0-4f56-b4de-894aa2e6f5ec}</UniqueIdentifier>
    </Filter>
  </ItemGroup>
  <ItemGroup>
    <ClInclude Include="Client.h">
      <Filter>main</Filter>
    </ClInclude>
    <ClInclude Include="framework.h">
      <Filter>main</Filter>
    </ClInclude>
    <ClInclude Include="Resource.h">
      <Filter>main</Filter>
    </ClInclude>
    <ClInclude Include="targetver.h">
      <Filter>main</Filter>
    </ClInclude>
    <ClInclude Include="CommonInclude.h">
      <Filter>Engine\Common</Filter>
    </ClInclude>
    <ClInclude Include="yaEnums.h">
      <Filter>Engine\Common</Filter>
    </ClInclude>
    <ClInclude Include="yaMath.h">
      <Filter>Engine\Common</Filter>
    </ClInclude>
    <ClInclude Include="yaEntity.h">
      <Filter>Engine\Common</Filter>
    </ClInclude>
    <ClInclude Include="YamYamEngine.h">
      <Filter>Engine\Common</Filter>
    </ClInclude>
    <ClInclude Include="yaComponent.h">
      <Filter>Engine\Component</Filter>
    </ClInclude>
    <ClInclude Include="yaGameObject.h">
      <Filter>Engine\GameObject</Filter>
    </ClInclude>
    <ClInclude Include="yaApplication.h">
      <Filter>Engine\High Level Interface</Filter>
    </ClInclude>
    <ClInclude Include="yaLayer.h">
      <Filter>Engine\Layer</Filter>
    </ClInclude>
    <ClInclude Include="yaTime.h">
      <Filter>Engine\Time</Filter>
    </ClInclude>
    <ClInclude Include="yaScene.h">
      <Filter>Engine\Scene</Filter>
    </ClInclude>
    <ClInclude Include="yaSceneManager.h">
      <Filter>Engine\Scene</Filter>
    </ClInclude>
    <ClInclude Include="yaCharacter01.h">
      <Filter>Contents\Player</Filter>
    </ClInclude>
    <ClInclude Include="yaPlayScene.h">
      <Filter>Contents\Scene</Filter>
    </ClInclude>
    <ClInclude Include="yaResource.h">
      <Filter>Engine\Resource</Filter>
    </ClInclude>
    <ClInclude Include="yaResources.h">
      <Filter>Engine\Resource</Filter>
    </ClInclude>
    <ClInclude Include="yaTitleScene.h">
      <Filter>Contents\Scene</Filter>
    </ClInclude>
    <ClInclude Include="yaMainScene.h">
      <Filter>Contents\Scene</Filter>
    </ClInclude>
    <ClInclude Include="yaPlayBackGround.h">
      <Filter>Contents\Object\BackGround</Filter>
    </ClInclude>
    <ClInclude Include="yaTitleBackGround.h">
      <Filter>Contents\Object\BackGround</Filter>
    </ClInclude>
    <ClInclude Include="yaMainBackGround.h">
      <Filter>Contents\Object\BackGround</Filter>
    </ClInclude>
    <ClInclude Include="yaSelectCharScene.h">
      <Filter>Contents\Scene</Filter>
    </ClInclude>
    <ClInclude Include="yaSelectCharBackGround.h">
      <Filter>Contents\Object\BackGround</Filter>
    </ClInclude>
    <ClInclude Include="yaSelectStageBackGround.h">
      <Filter>Contents\Object\BackGround</Filter>
    </ClInclude>
    <ClInclude Include="yaSelectStageScene.h">
      <Filter>Contents\Scene</Filter>
    </ClInclude>
    <ClInclude Include="yaImage.h">
      <Filter>Engine\Resource</Filter>
    </ClInclude>
    <ClInclude Include="yaInput.h">
      <Filter>Engine\Input</Filter>
    </ClInclude>
    <ClInclude Include="yaCollider.h">
      <Filter>Engine\Component\Collider</Filter>
    </ClInclude>
    <ClInclude Include="yaCollisionManager.h">
      <Filter>Engine\Component\Collider</Filter>
    </ClInclude>
    <ClInclude Include="yaPet01.h">
      <Filter>Contents\Pet</Filter>
    </ClInclude>
    <ClInclude Include="yaCamera.h">
      <Filter>Engine\Component\Camera</Filter>
    </ClInclude>
    <ClInclude Include="yaObject.h">
      <Filter>Engine\GameObject</Filter>
    </ClInclude>
    <ClInclude Include="yaSelectPetScene.h">
      <Filter>Contents\Scene</Filter>
    </ClInclude>
    <ClInclude Include="yaResultFailScene.h">
      <Filter>Contents\Scene\Result</Filter>
    </ClInclude>
    <ClInclude Include="yaResultSucScene.h">
      <Filter>Contents\Scene\Result</Filter>
    </ClInclude>
    <ClInclude Include="yaResultFailBackGround.h">
      <Filter>Contents\Object\BackGround</Filter>
    </ClInclude>
    <ClInclude Include="yaResultSucBackGround.h">
      <Filter>Contents\Object\BackGround</Filter>
    </ClInclude>
    <ClInclude Include="yaCookiesUI.h">
      <Filter>Contents\UI\MainUI</Filter>
    </ClInclude>
    <ClInclude Include="yaGachaUI.h">
      <Filter>Contents\UI\MainUI</Filter>
    </ClInclude>
    <ClInclude Include="yaStoreUI.h">
      <Filter>Contents\UI\MainUI</Filter>
    </ClInclude>
    <ClInclude Include="yaSlideButton.h">
      <Filter>Contents\UI\PlayUI</Filter>
    </ClInclude>
    <ClInclude Include="yaPlayButton.h">
      <Filter>Contents\UI\PlayUI</Filter>
    </ClInclude>
    <ClInclude Include="yaPauseButton.h">
      <Filter>Contents\UI\PlayUI</Filter>
    </ClInclude>
    <ClInclude Include="yaJumpButton.h">
      <Filter>Contents\UI\PlayUI</Filter>
    </ClInclude>
    <ClInclude Include="yaDiaUI.h">
      <Filter>Contents\UI\CommonUI</Filter>
    </ClInclude>
    <ClInclude Include="yaSilverUI.h">
      <Filter>Contents\UI\CommonUI</Filter>
    </ClInclude>
    <ClInclude Include="yaPortal.h">
      <Filter>Contents\UI\SelectUI</Filter>
    </ClInclude>
    <ClInclude Include="yaAnimation.h">
      <Filter>Engine\Component\Animator</Filter>
    </ClInclude>
    <ClInclude Include="yaAnimator.h">
      <Filter>Engine\Component\Animator</Filter>
    </ClInclude>
    <ClInclude Include="yaTransform.h">
      <Filter>Engine\Component\Transform</Filter>
    </ClInclude>
    <ClInclude Include="yaRigidbody.h">
      <Filter>Engine\Component\RigidBody</Filter>
    </ClInclude>
    <ClInclude Include="yaGround.h">
      <Filter>Contents\Ground</Filter>
    </ClInclude>
    <ClInclude Include="yaGaugeCircle.h">
      <Filter>Contents\UI\PlayUI</Filter>
    </ClInclude>
    <ClInclude Include="yaGaugeBar.h">
      <Filter>Contents\UI\PlayUI</Filter>
    </ClInclude>
    <ClInclude Include="yaUnderGround.h">
      <Filter>Contents\Ground</Filter>
    </ClInclude>
    <ClInclude Include="yaMakeScene.h">
      <Filter>Contents\Scene</Filter>
    </ClInclude>
    <ClInclude Include="yaOverGround.h">
      <Filter>Contents\Ground</Filter>
    </ClInclude>
    <ClInclude Include="yaBigItem.h">
      <Filter>Contents\Object\Item\Active</Filter>
    </ClInclude>
    <ClInclude Include="yaBlackOutMItem.h">
      <Filter>Contents\Object\Item\Active</Filter>
    </ClInclude>
    <ClInclude Include="yaFastItem.h">
      <Filter>Contents\Object\Item\Active</Filter>
    </ClInclude>
    <ClInclude Include="yaHpItemI.h">
      <Filter>Contents\Object\Item\Active</Filter>
    </ClInclude>
    <ClInclude Include="yaHpItemD.h">
      <Filter>Contents\Object\Item\Active</Filter>
    </ClInclude>
    <ClInclude Include="yaInputEItem.h">
      <Filter>Contents\Object\Item\Active</Filter>
    </ClInclude>
    <ClInclude Include="yaInvincibleItem.h">
      <Filter>Contents\Object\Item\Active</Filter>
    </ClInclude>
    <ClInclude Include="yaMagnetItem.h">
      <Filter>Contents\Object\Item\Active</Filter>
    </ClInclude>
    <ClInclude Include="yaSmItem.h">
      <Filter>Contents\Object\Item\Active</Filter>
    </ClInclude>
    <ClInclude Include="yaSlowItem.h">
      <Filter>Contents\Object\Item\Active</Filter>
    </ClInclude>
    <ClInclude Include="yaShakeItem.h">
      <Filter>Contents\Object\Item\Active</Filter>
    </ClInclude>
    <ClInclude Include="yaBasic_Candy_B.h">
      <Filter>Contents\Object\Item\Basic\Candy</Filter>
    </ClInclude>
    <ClInclude Include="yaBasic_Candy_G.h">
      <Filter>Contents\Object\Item\Basic\Candy</Filter>
    </ClInclude>
    <ClInclude Include="yaBasic_Candy_M1.h">
      <Filter>Contents\Object\Item\Basic\Candy</Filter>
    </ClInclude>
    <ClInclude Include="yaBasic_Candy_M2.h">
      <Filter>Contents\Object\Item\Basic\Candy</Filter>
    </ClInclude>
    <ClInclude Include="yaBasic_Candy_R.h">
      <Filter>Contents\Object\Item\Basic\Candy</Filter>
    </ClInclude>
    <ClInclude Include="yaBasic_Candy_Y.h">
      <Filter>Contents\Object\Item\Basic\Candy</Filter>
    </ClInclude>
    <ClInclude Include="yaBasic_Gummy_B.h">
      <Filter>Contents\Object\Item\Basic\Gummy</Filter>
    </ClInclude>
    <ClInclude Include="yaBasic_Gummy_G.h">
      <Filter>Contents\Object\Item\Basic\Gummy</Filter>
    </ClInclude>
    <ClInclude Include="yaBasic_Gummy_M2.h">
      <Filter>Contents\Object\Item\Basic\Gummy</Filter>
    </ClInclude>
    <ClInclude Include="yaBasic_Gummy_M1.h">
      <Filter>Contents\Object\Item\Basic\Gummy</Filter>
    </ClInclude>
    <ClInclude Include="yaBasic_Gummy_R.h">
      <Filter>Contents\Object\Item\Basic\Gummy</Filter>
    </ClInclude>
    <ClInclude Include="yaBasic_Gummy_Y.h">
      <Filter>Contents\Object\Item\Basic\Gummy</Filter>
    </ClInclude>
    <ClInclude Include="yaBear_Big.h">
      <Filter>Contents\Object\Item\Bear</Filter>
    </ClInclude>
    <ClInclude Include="yaBear_FlyingPink.h">
      <Filter>Contents\Object\Item\Bear</Filter>
    </ClInclude>
    <ClInclude Include="yaBear_FlyingYellow.h">
      <Filter>Contents\Object\Item\Bear</Filter>
    </ClInclude>
    <ClInclude Include="yaBear_Rainbow.h">
      <Filter>Contents\Object\Item\Bear</Filter>
    </ClInclude>
    <ClInclude Include="yaBear_SmallBlue.h">
      <Filter>Contents\Object\Item\Bear</Filter>
    </ClInclude>
    <ClInclude Include="yaBear_SmallPink.h">
      <Filter>Contents\Object\Item\Bear</Filter>
    </ClInclude>
    <ClInclude Include="yaBear_SmallYellow.h">
      <Filter>Contents\Object\Item\Bear</Filter>
    </ClInclude>
    <ClInclude Include="yaBear_StarBlue.h">
      <Filter>Contents\Object\Item\Bear</Filter>
    </ClInclude>
    <ClInclude Include="yaBear_StarYellow.h">
      <Filter>Contents\Object\Item\Bear</Filter>
    </ClInclude>
    <ClInclude Include="yaTile.h">
      <Filter>Contents\Scene</Filter>
    </ClInclude>
    <ClInclude Include="yaToolScene.h">
      <Filter>Contents\Scene</Filter>
    </ClInclude>
    <ClInclude Include="yaCoin_Gold.h">
      <Filter>Contents\Object\Item\Coin</Filter>
    </ClInclude>
    <ClInclude Include="yaCoin_GoldB.h">
      <Filter>Contents\Object\Item\Coin</Filter>
    </ClInclude>
    <ClInclude Include="yaCoin_Silver.h">
      <Filter>Contents\Object\Item\Coin</Filter>
    </ClInclude>
    <ClInclude Include="yaCoin_SilverB.h">
      <Filter>Contents\Object\Item\Coin</Filter>
    </ClInclude>
    <ClInclude Include="yaBasicToBear.h">
      <Filter>Contents\Object\Item\Active</Filter>
    </ClInclude>
    <ClInclude Include="yaObstacleToCoin.h">
      <Filter>Contents\Object\Item\Active</Filter>
    </ClInclude>
    <ClInclude Include="yaFlag.h">
      <Filter>Contents\Object\Obstacle\Common</Filter>
    </ClInclude>
    <ClInclude Include="yaL1_DP01.h">
      <Filter>Contents\Object\Obstacle\Land1\Jump2</Filter>
    </ClInclude>
    <ClInclude Include="yaL1_DP02.h">
      <Filter>Contents\Object\Obstacle\Land1\Jump2</Filter>
    </ClInclude>
    <ClInclude Include="yaL1_DP03.h">
      <Filter>Contents\Object\Obstacle\Land1\Jump2</Filter>
    </ClInclude>
    <ClInclude Include="yaL1_DP04.h">
      <Filter>Contents\Object\Obstacle\Land1\Jump2</Filter>
    </ClInclude>
    <ClInclude Include="yaL1_DP05.h">
      <Filter>Contents\Object\Obstacle\Land1\Jump2</Filter>
    </ClInclude>
    <ClInclude Include="yaL1_DP06.h">
      <Filter>Contents\Object\Obstacle\Land1\Jump2</Filter>
    </ClInclude>
    <ClInclude Include="yaL1_JP01.h">
      <Filter>Contents\Object\Obstacle\Land1\Jump1</Filter>
    </ClInclude>
    <ClInclude Include="yaL1_JP02.h">
      <Filter>Contents\Object\Obstacle\Land1\Jump1</Filter>
    </ClInclude>
    <ClInclude Include="yaL1_JP03.h">
      <Filter>Contents\Object\Obstacle\Land1\Jump1</Filter>
    </ClInclude>
    <ClInclude Include="yaL1_JP04.h">
      <Filter>Contents\Object\Obstacle\Land1\Jump1</Filter>
    </ClInclude>
    <ClInclude Include="yaL1_JP05.h">
      <Filter>Contents\Object\Obstacle\Land1\Jump1</Filter>
    </ClInclude>
    <ClInclude Include="yaL1_SL01.h">
      <Filter>Contents\Object\Obstacle\Land1\Slide</Filter>
    </ClInclude>
    <ClInclude Include="yaL1_SL02.h">
      <Filter>Contents\Object\Obstacle\Land1\Slide</Filter>
    </ClInclude>
    <ClInclude Include="yaL1_SL03.h">
      <Filter>Contents\Object\Obstacle\Land1\Slide</Filter>
    </ClInclude>
    <ClInclude Include="yaL1_SL04.h">
      <Filter>Contents\Object\Obstacle\Land1\Slide</Filter>
    </ClInclude>
    <ClInclude Include="yaL1_SL05.h">
      <Filter>Contents\Object\Obstacle\Land1\Slide</Filter>
    </ClInclude>
    <ClInclude Include="yaL1_SL06.h">
      <Filter>Contents\Object\Obstacle\Land1\Slide</Filter>
    </ClInclude>
    <ClInclude Include="yaL1_JP06.h">
      <Filter>Contents\Object\Obstacle\Land1\Jump1</Filter>
    </ClInclude>
    <ClInclude Include="yaObstacle.h">
      <Filter>Contents\Object\Obstacle\Common</Filter>
    </ClInclude>
    <ClInclude Include="yaObstacle01.h">
      <Filter>Contents\Object\Obstacle\Common</Filter>
    </ClInclude>
    <ClInclude Include="yaL1_BG02.h">
      <Filter>Contents\Object\BackGround\Land1</Filter>
    </ClInclude>
    <ClInclude Include="yaL1_BG01.h">
      <Filter>Contents\Object\BackGround\Land1</Filter>
    </ClInclude>
    <ClInclude Include="yaL1_BG03.h">
      <Filter>Contents\Object\BackGround\Land1</Filter>
    </ClInclude>
    <ClInclude Include="yaL1_GT01.h">
      <Filter>Contents\Object\Obstacle\Land1\Tile\GroundTile</Filter>
    </ClInclude>
    <ClInclude Include="yaL1_GT02.h">
      <Filter>Contents\Object\Obstacle\Land1\Tile\GroundTile</Filter>
    </ClInclude>
    <ClInclude Include="yaL1_GT03.h">
      <Filter>Contents\Object\Obstacle\Land1\Tile\GroundTile</Filter>
    </ClInclude>
    <ClInclude Include="yaL1_OT01.h">
      <Filter>Contents\Object\Obstacle\Land1\Tile\OvergTile</Filter>
    </ClInclude>
    <ClInclude Include="yaL1_OT02.h">
      <Filter>Contents\Object\Obstacle\Land1\Tile\OvergTile</Filter>
    </ClInclude>
    <ClInclude Include="yaL1_OT03.h">
      <Filter>Contents\Object\Obstacle\Land1\Tile\OvergTile</Filter>
    </ClInclude>
    <ClInclude Include="yaEatEffect.h">
      <Filter>Contents\Object\Obstacle\Land1</Filter>
    </ClInclude>
    <ClInclude Include="yaCloudEffect.h">
      <Filter>Contents\Object\Obstacle\Land1</Filter>
    </ClInclude>
    <ClInclude Include="yaLotteryScene.h">
      <Filter>Contents\Scene</Filter>
    </ClInclude>
    <ClInclude Include="yaStoreScene.h">
      <Filter>Contents\Scene</Filter>
    </ClInclude>
    <ClInclude Include="yaStoreBackGround.h">
      <Filter>Contents\Object\BackGround</Filter>
    </ClInclude>
    <ClInclude Include="yaSelectPetBackGround.h">
      <Filter>Contents\Object\BackGround</Filter>
    </ClInclude>
    <ClInclude Include="yaLotteryBackGround.h">
      <Filter>Contents\Object\BackGround</Filter>
    </ClInclude>
  </ItemGroup>
  <ItemGroup>
    <Image Include="small.ico">
      <Filter>리소스 파일</Filter>
    </Image>
    <Image Include="Client.ico">
      <Filter>리소스 파일</Filter>
    </Image>
    <Image Include="Icon.ico">
      <Filter>리소스 파일</Filter>
    </Image>
  </ItemGroup>
  <ItemGroup>
    <ResourceCompile Include="Client.rc">
      <Filter>리소스 파일</Filter>
    </ResourceCompile>
  </ItemGroup>
  <ItemGroup>
    <ClCompile Include="main.cpp">
      <Filter>main</Filter>
    </ClCompile>
    <ClCompile Include="yaMath.cpp">
      <Filter>Engine\Common</Filter>
    </ClCompile>
    <ClCompile Include="yaEntity.cpp">
      <Filter>Engine\Common</Filter>
    </ClCompile>
    <ClCompile Include="yaComponent.cpp">
      <Filter>Engine\Component</Filter>
    </ClCompile>
    <ClCompile Include="yaGameObject.cpp">
      <Filter>Engine\GameObject</Filter>
    </ClCompile>
    <ClCompile Include="yaApplication.cpp">
      <Filter>Engine\High Level Interface</Filter>
    </ClCompile>
    <ClCompile Include="yaInput.cpp">
      <Filter>Engine\Input</Filter>
    </ClCompile>
    <ClCompile Include="yaLayer.cpp">
      <Filter>Engine\Layer</Filter>
    </ClCompile>
    <ClCompile Include="yaTime.cpp">
      <Filter>Engine\Time</Filter>
    </ClCompile>
    <ClCompile Include="yaScene.cpp">
      <Filter>Engine\Scene</Filter>
    </ClCompile>
    <ClCompile Include="yaSceneManager.cpp">
      <Filter>Engine\Scene</Filter>
    </ClCompile>
    <ClCompile Include="yaCharacter01.cpp">
      <Filter>Contents\Player</Filter>
    </ClCompile>
    <ClCompile Include="yaPlayScene.cpp">
      <Filter>Contents\Scene</Filter>
    </ClCompile>
    <ClCompile Include="yaResource.cpp">
      <Filter>Engine\Resource</Filter>
    </ClCompile>
    <ClCompile Include="yaResources.cpp">
      <Filter>Engine\Resource</Filter>
    </ClCompile>
    <ClCompile Include="yaTitleScene.cpp">
      <Filter>Contents\Scene</Filter>
    </ClCompile>
    <ClCompile Include="yaMainScene.cpp">
      <Filter>Contents\Scene</Filter>
    </ClCompile>
    <ClCompile Include="yaPlayBackGround.cpp">
      <Filter>Contents\Object\BackGround</Filter>
    </ClCompile>
    <ClCompile Include="yaTitleBackGround.cpp">
      <Filter>Contents\Object\BackGround</Filter>
    </ClCompile>
    <ClCompile Include="yaSelectCharScene.cpp">
      <Filter>Contents\Scene</Filter>
    </ClCompile>
    <ClCompile Include="yaSelectCharBackGround.cpp">
      <Filter>Contents\Object\BackGround</Filter>
    </ClCompile>
    <ClCompile Include="yaSelectStageBackGround.cpp">
      <Filter>Contents\Object\BackGround</Filter>
    </ClCompile>
    <ClCompile Include="yaSelectStageScene.cpp">
      <Filter>Contents\Scene</Filter>
    </ClCompile>
    <ClCompile Include="yaImage.cpp">
      <Filter>Engine\Resource</Filter>
    </ClCompile>
    <ClCompile Include="yaMainBackGround.cpp">
      <Filter>Contents\Object\BackGround</Filter>
    </ClCompile>
    <ClCompile Include="yaCollider.cpp">
      <Filter>Engine\Component\Collider</Filter>
    </ClCompile>
    <ClCompile Include="yaCollisionManager.cpp">
      <Filter>Engine\Component\Collider</Filter>
    </ClCompile>
    <ClCompile Include="yaPet01.cpp">
      <Filter>Contents\Pet</Filter>
    </ClCompile>
    <ClCompile Include="yaCamera.cpp">
      <Filter>Engine\Component\Camera</Filter>
    </ClCompile>
    <ClCompile Include="yaSelectPetScene.cpp">
      <Filter>Contents\Scene</Filter>
    </ClCompile>
    <ClCompile Include="yaResultFailScene.cpp">
      <Filter>Contents\Scene\Result</Filter>
    </ClCompile>
    <ClCompile Include="yaResultSucScene.cpp">
      <Filter>Contents\Scene\Result</Filter>
    </ClCompile>
    <ClCompile Include="yaResultFailBackGround.cpp">
      <Filter>Contents\Object\BackGround</Filter>
    </ClCompile>
    <ClCompile Include="yaResultSucBackGround.cpp">
      <Filter>Contents\Object\BackGround</Filter>
    </ClCompile>
    <ClCompile Include="yaCookiesUI.cpp">
      <Filter>Contents\UI\MainUI</Filter>
    </ClCompile>
    <ClCompile Include="yaGachaUI.cpp">
      <Filter>Contents\UI\MainUI</Filter>
    </ClCompile>
    <ClCompile Include="yaGaugeBar.cpp">
      <Filter>Contents\UI\PlayUI</Filter>
    </ClCompile>
    <ClCompile Include="yaGaugeCircle.cpp">
      <Filter>Contents\UI\PlayUI</Filter>
    </ClCompile>
    <ClCompile Include="yaSlideButton.cpp">
      <Filter>Contents\UI\PlayUI</Filter>
    </ClCompile>
    <ClCompile Include="yaPlayButton.cpp">
      <Filter>Contents\UI\PlayUI</Filter>
    </ClCompile>
    <ClCompile Include="yaPauseButton.cpp">
      <Filter>Contents\UI\PlayUI</Filter>
    </ClCompile>
    <ClCompile Include="yaJumpButton.cpp">
      <Filter>Contents\UI\PlayUI</Filter>
    </ClCompile>
    <ClCompile Include="yaStoreUI.cpp">
      <Filter>Contents\UI\MainUI</Filter>
    </ClCompile>
    <ClCompile Include="yaDiaUI.cpp">
      <Filter>Contents\UI\CommonUI</Filter>
    </ClCompile>
    <ClCompile Include="yaSilverUI.cpp">
      <Filter>Contents\UI\CommonUI</Filter>
    </ClCompile>
    <ClCompile Include="yaPortal.cpp">
      <Filter>Contents\UI\SelectUI</Filter>
    </ClCompile>
    <ClCompile Include="yaAnimation.cpp">
      <Filter>Engine\Component\Animator</Filter>
    </ClCompile>
    <ClCompile Include="yaAnimator.cpp">
      <Filter>Engine\Component\Animator</Filter>
    </ClCompile>
    <ClCompile Include="yaTransform.cpp">
      <Filter>Engine\Component\Transform</Filter>
    </ClCompile>
    <ClCompile Include="yaRigidbody.cpp">
      <Filter>Engine\Component\RigidBody</Filter>
    </ClCompile>
    <ClCompile Include="yaGround.cpp">
      <Filter>Contents\Ground</Filter>
    </ClCompile>
    <ClCompile Include="yaUnderGround.cpp">
      <Filter>Contents\Ground</Filter>
    </ClCompile>
    <ClCompile Include="yaMakeScene.cpp">
      <Filter>Contents\Scene</Filter>
    </ClCompile>
    <ClCompile Include="yaOverGround.cpp">
      <Filter>Contents\Ground</Filter>
    </ClCompile>
    <ClCompile Include="yaBigItem.cpp">
      <Filter>Contents\Object\Item\Active</Filter>
    </ClCompile>
    <ClCompile Include="yaBlackOutMItem.cpp">
      <Filter>Contents\Object\Item\Active</Filter>
    </ClCompile>
    <ClCompile Include="yaFastItem.cpp">
      <Filter>Contents\Object\Item\Active</Filter>
    </ClCompile>
    <ClCompile Include="yaHpItemD.cpp">
      <Filter>Contents\Object\Item\Active</Filter>
    </ClCompile>
    <ClCompile Include="yaHpItemI.cpp">
      <Filter>Contents\Object\Item\Active</Filter>
    </ClCompile>
    <ClCompile Include="yaInputEItem.cpp">
      <Filter>Contents\Object\Item\Active</Filter>
    </ClCompile>
    <ClCompile Include="yaInvincibleItem.cpp">
      <Filter>Contents\Object\Item\Active</Filter>
    </ClCompile>
    <ClCompile Include="yaMagnetItem.cpp">
      <Filter>Contents\Object\Item\Active</Filter>
    </ClCompile>
    <ClCompile Include="yaSmItem.cpp">
      <Filter>Contents\Object\Item\Active</Filter>
    </ClCompile>
    <ClCompile Include="yaSlowItem.cpp">
      <Filter>Contents\Object\Item\Active</Filter>
    </ClCompile>
    <ClCompile Include="yaShakeItem.cpp">
      <Filter>Contents\Object\Item\Active</Filter>
    </ClCompile>
    <ClCompile Include="yaBasic_Candy_B.cpp">
      <Filter>Contents\Object\Item\Basic\Candy</Filter>
    </ClCompile>
    <ClCompile Include="yaBasic_Candy_G.cpp">
      <Filter>Contents\Object\Item\Basic\Candy</Filter>
    </ClCompile>
    <ClCompile Include="yaBasic_Candy_M1.cpp">
      <Filter>Contents\Object\Item\Basic\Candy</Filter>
    </ClCompile>
    <ClCompile Include="yaBasic_Candy_M2.cpp">
      <Filter>Contents\Object\Item\Basic\Candy</Filter>
    </ClCompile>
    <ClCompile Include="yaBasic_Candy_R.cpp">
      <Filter>Contents\Object\Item\Basic\Candy</Filter>
    </ClCompile>
    <ClCompile Include="yaBasic_Candy_Y.cpp">
      <Filter>Contents\Object\Item\Basic\Candy</Filter>
    </ClCompile>
    <ClCompile Include="yaBasic_Gummy_B.cpp">
      <Filter>Contents\Object\Item\Basic\Gummy</Filter>
    </ClCompile>
    <ClCompile Include="yaBasic_Gummy_G.cpp">
      <Filter>Contents\Object\Item\Basic\Gummy</Filter>
    </ClCompile>
    <ClCompile Include="yaBasic_Gummy_M1.cpp">
      <Filter>Contents\Object\Item\Basic\Gummy</Filter>
    </ClCompile>
    <ClCompile Include="yaBasic_Gummy_M2.cpp">
      <Filter>Contents\Object\Item\Basic\Gummy</Filter>
    </ClCompile>
    <ClCompile Include="yaBasic_Gummy_R.cpp">
      <Filter>Contents\Object\Item\Basic\Gummy</Filter>
    </ClCompile>
    <ClCompile Include="yaBasic_Gummy_Y.cpp">
      <Filter>Contents\Object\Item\Basic\Gummy</Filter>
    </ClCompile>
    <ClCompile Include="yaBear_Big.cpp">
      <Filter>Contents\Object\Item\Bear</Filter>
    </ClCompile>
    <ClCompile Include="yaBear_FlyingPink.cpp">
      <Filter>Contents\Object\Item\Bear</Filter>
    </ClCompile>
    <ClCompile Include="yaBear_FlyingYellow.cpp">
      <Filter>Contents\Object\Item\Bear</Filter>
    </ClCompile>
    <ClCompile Include="yaBear_Rainbow.cpp">
      <Filter>Contents\Object\Item\Bear</Filter>
    </ClCompile>
    <ClCompile Include="yaBear_SmallBlue.cpp">
      <Filter>Contents\Object\Item\Bear</Filter>
    </ClCompile>
    <ClCompile Include="yaBear_SmallPink.cpp">
      <Filter>Contents\Object\Item\Bear</Filter>
    </ClCompile>
    <ClCompile Include="yaBear_SmallYellow.cpp">
      <Filter>Contents\Object\Item\Bear</Filter>
    </ClCompile>
    <ClCompile Include="yaBear_StarBlue.cpp">
      <Filter>Contents\Object\Item\Bear</Filter>
    </ClCompile>
    <ClCompile Include="yaBear_StarYellow.cpp">
      <Filter>Contents\Object\Item\Bear</Filter>
    </ClCompile>
    <ClCompile Include="yaTile.cpp">
      <Filter>Contents\Scene</Filter>
    </ClCompile>
    <ClCompile Include="yaToolScene.cpp">
      <Filter>Contents\Scene</Filter>
    </ClCompile>
    <ClCompile Include="yaCoin_Gold.cpp">
      <Filter>Contents\Object\Item\Coin</Filter>
    </ClCompile>
    <ClCompile Include="yaCoin_GoldB.cpp">
      <Filter>Contents\Object\Item\Coin</Filter>
    </ClCompile>
    <ClCompile Include="yaCoin_Silver.cpp">
      <Filter>Contents\Object\Item\Coin</Filter>
    </ClCompile>
    <ClCompile Include="yaCoin_SilverB.cpp">
      <Filter>Contents\Object\Item\Coin</Filter>
    </ClCompile>
    <ClCompile Include="yaBasicToBear.cpp">
      <Filter>Contents\Object\Item\Active</Filter>
    </ClCompile>
    <ClCompile Include="yaObstacleToCoin.cpp">
      <Filter>Contents\Object\Item\Active</Filter>
    </ClCompile>
    <ClCompile Include="yaFlag.cpp">
      <Filter>Contents\Object\Obstacle\Common</Filter>
    </ClCompile>
    <ClCompile Include="yaL1_DP01.cpp">
      <Filter>Contents\Object\Obstacle\Land1\Jump2</Filter>
    </ClCompile>
    <ClCompile Include="yaL1_DP02.cpp">
      <Filter>Contents\Object\Obstacle\Land1\Jump2</Filter>
    </ClCompile>
    <ClCompile Include="yaL1_DP03.cpp">
      <Filter>Contents\Object\Obstacle\Land1\Jump2</Filter>
    </ClCompile>
    <ClCompile Include="yaL1_DP04.cpp">
      <Filter>Contents\Object\Obstacle\Land1\Jump2</Filter>
    </ClCompile>
    <ClCompile Include="yaL1_DP05.cpp">
      <Filter>Contents\Object\Obstacle\Land1\Jump2</Filter>
    </ClCompile>
    <ClCompile Include="yaL1_DP06.cpp">
      <Filter>Contents\Object\Obstacle\Land1\Jump2</Filter>
    </ClCompile>
    <ClCompile Include="yaL1_JP01.cpp">
      <Filter>Contents\Object\Obstacle\Land1\Jump1</Filter>
    </ClCompile>
    <ClCompile Include="yaL1_JP02.cpp">
      <Filter>Contents\Object\Obstacle\Land1\Jump1</Filter>
    </ClCompile>
    <ClCompile Include="yaL1_JP03.cpp">
      <Filter>Contents\Object\Obstacle\Land1\Jump1</Filter>
    </ClCompile>
    <ClCompile Include="yaL1_JP04.cpp">
      <Filter>Contents\Object\Obstacle\Land1\Jump1</Filter>
    </ClCompile>
    <ClCompile Include="yaL1_JP05.cpp">
      <Filter>Contents\Object\Obstacle\Land1\Jump1</Filter>
    </ClCompile>
    <ClCompile Include="yaL1_JP06.cpp">
      <Filter>Contents\Object\Obstacle\Land1\Jump1</Filter>
    </ClCompile>
    <ClCompile Include="yaL1_SL01.cpp">
      <Filter>Contents\Object\Obstacle\Land1\Slide</Filter>
    </ClCompile>
    <ClCompile Include="yaL1_SL02.cpp">
      <Filter>Contents\Object\Obstacle\Land1\Slide</Filter>
    </ClCompile>
    <ClCompile Include="yaL1_SL03.cpp">
      <Filter>Contents\Object\Obstacle\Land1\Slide</Filter>
    </ClCompile>
    <ClCompile Include="yaL1_SL04.cpp">
      <Filter>Contents\Object\Obstacle\Land1\Slide</Filter>
    </ClCompile>
    <ClCompile Include="yaL1_SL05.cpp">
      <Filter>Contents\Object\Obstacle\Land1\Slide</Filter>
    </ClCompile>
    <ClCompile Include="yaL1_SL06.cpp">
      <Filter>Contents\Object\Obstacle\Land1\Slide</Filter>
    </ClCompile>
    <ClCompile Include="yaObstacle.cpp">
      <Filter>Contents\Object\Obstacle\Common</Filter>
    </ClCompile>
    <ClCompile Include="yaObstacle01.cpp">
      <Filter>Contents\Object\Obstacle\Common</Filter>
    </ClCompile>
    <ClCompile Include="yaL1_BG02.cpp">
      <Filter>Contents\Object\BackGround\Land1</Filter>
    </ClCompile>
    <ClCompile Include="yaL1_BG01.cpp">
      <Filter>Contents\Object\BackGround\Land1</Filter>
    </ClCompile>
    <ClCompile Include="yaL1_BG03.cpp">
      <Filter>Contents\Object\BackGround\Land1</Filter>
    </ClCompile>
    <ClCompile Include="yaL1_GT01.cpp">
      <Filter>Contents\Object\Obstacle\Land1\Tile\GroundTile</Filter>
    </ClCompile>
    <ClCompile Include="yaL1_GT02.cpp">
      <Filter>Contents\Object\Obstacle\Land1\Tile\GroundTile</Filter>
    </ClCompile>
    <ClCompile Include="yaL1_GT03.cpp">
      <Filter>Contents\Object\Obstacle\Land1\Tile\GroundTile</Filter>
    </ClCompile>
    <ClCompile Include="yaL1_OT01.cpp">
      <Filter>Contents\Object\Obstacle\Land1\Tile\OvergTile</Filter>
    </ClCompile>
    <ClCompile Include="yaL1_OT02.cpp">
      <Filter>Contents\Object\Obstacle\Land1\Tile\OvergTile</Filter>
    </ClCompile>
    <ClCompile Include="yaL1_OT03.cpp">
      <Filter>Contents\Object\Obstacle\Land1\Tile\OvergTile</Filter>
    </ClCompile>
    <ClCompile Include="yaEatEffect.cpp">
      <Filter>Contents\Object\Obstacle\Land1</Filter>
    </ClCompile>
    <ClCompile Include="yaCloudEffect.cpp">
      <Filter>Contents\Object\Obstacle\Land1</Filter>
    </ClCompile>
    <ClCompile Include="yaLotteryScene.cpp">
      <Filter>Contents\Scene</Filter>
    </ClCompile>
    <ClCompile Include="yaStoreScene.cpp">
      <Filter>Contents\Scene</Filter>
    </ClCompile>
    <ClCompile Include="yaStoreBackGround.cpp">
      <Filter>Contents\Object\BackGround</Filter>
    </ClCompile>
    <ClCompile Include="yaSelectPetBackGround.cpp">
      <Filter>Contents\Object\BackGround</Filter>
    </ClCompile>
    <ClCompile Include="yaLotteryBackGround.cpp">
      <Filter>Contents\Object\BackGround</Filter>
    </ClCompile>
  </ItemGroup>
</Project>